
Microsoft Visual Studio Solution File, Format Version 12.00
# Visual Studio 15
VisualStudioVersion = 15.0.27130.2036
MinimumVisualStudioVersion = 10.0.40219.1
Project("{9A19103F-16F7-4668-BE54-9A1E7A4F7556}") = "Toasts.Forms.Plugin", "Toast\Toasts.Forms.Plugin.csproj", "{BD763FB9-67C1-4DFD-BDCC-9AC2019735FF}"
EndProject
Global
	GlobalSection(SolutionConfigurationPlatforms) = preSolution
		Debug|Any CPU = Debug|Any CPU
		Release|Any CPU = Release|Any CPU
	EndGlobalSection
	GlobalSection(ProjectConfigurationPlatforms) = postSolution
		{BD763FB9-67C1-4DFD-BDCC-9AC2019735FF}.Debug|Any CPU.ActiveCfg = Debug|Any CPU
		{BD763FB9-67C1-4DFD-BDCC-9AC2019735FF}.Debug|Any CPU.Build.0 = Debug|Any CPU
		{BD763FB9-67C1-4DFD-BDCC-9AC2019735FF}.Release|Any CPU.ActiveCfg = Release|Any CPU
		{BD763FB9-67C1-4DFD-BDCC-9AC2019735FF}.Release|Any CPU.Build.0 = Release|Any CPU
	EndGlobalSection
	GlobalSection(SolutionProperties) = preSolution
		HideSolutionNode = FALSE
	EndGlobalSection
	GlobalSection(ExtensibilityGlobals) = postSolution
		SolutionGuid = {72C23B27-9373-4BED-9AF6-61CAECF2EF33}
	EndGlobalSection
EndGlobal
